
Microsoft Visual Studio Solution File, Format Version 12.00
# Visual Studio Version 17
VisualStudioVersion = 17.12.35527.113 d17.12
MinimumVisualStudioVersion = 10.0.40219.1
Project("{8BC9CEB8-8B4A-11D0-8D11-00A0C91BC942}") = "truckconnect", "truckconnect\truckconnect.vcxitems", "{3EF9A03C-5290-4A42-9A02-80006A8BE3D4}"
EndProject
Project("{2150E333-8FDC-42A3-9474-1A3956D46DE8}") = "Solution Items", "Solution Items", "{C08FF6CD-D6E7-4E19-A25E-A42485F8836D}"
	ProjectSection(SolutionItems) = preProject
		.gitignore = .gitignore
		LICENSE = LICENSE
		README.md = README.md
	EndProjectSection
EndProject
Project("{8BC9CEB8-8B4A-11D0-8D11-00A0C91BC942}") = "scs", "scs\scs.vcxitems", "{C6C8A7D4-8E1A-4B32-9D0C-7F48DF9DA334}"
EndProject
Project("{8BC9CEB8-8B4A-11D0-8D11-00A0C91BC942}") = "nstreamcom", "NStreamCom\nstreamcom.vcxitems", "{F6AABF94-ED61-41AC-AAAD-E75510AF8CFF}"
EndProject
Project("{8BC9CEB8-8B4A-11D0-8D11-00A0C91BC942}") = "TestClient", "TestClient\TestClient.vcxproj", "{B0286CF3-AFAC-4CC8-B131-9CCD1BA685B0}"
EndProject
Global
	GlobalSection(SolutionConfigurationPlatforms) = preSolution
		Debug|x64 = Debug|x64
		Debug|x86 = Debug|x86
		Release|x64 = Release|x64
		Release|x86 = Release|x86
	EndGlobalSection
	GlobalSection(ProjectConfigurationPlatforms) = postSolution
		{B0286CF3-AFAC-4CC8-B131-9CCD1BA685B0}.Debug|x64.ActiveCfg = Debug|x64
		{B0286CF3-AFAC-4CC8-B131-9CCD1BA685B0}.Debug|x64.Build.0 = Debug|x64
		{B0286CF3-AFAC-4CC8-B131-9CCD1BA685B0}.Debug|x86.ActiveCfg = Debug|Win32
		{B0286CF3-AFAC-4CC8-B131-9CCD1BA685B0}.Debug|x86.Build.0 = Debug|Win32
		{B0286CF3-AFAC-4CC8-B131-9CCD1BA685B0}.Release|x64.ActiveCfg = Release|x64
		{B0286CF3-AFAC-4CC8-B131-9CCD1BA685B0}.Release|x64.Build.0 = Release|x64
		{B0286CF3-AFAC-4CC8-B131-9CCD1BA685B0}.Release|x86.ActiveCfg = Release|Win32
		{B0286CF3-AFAC-4CC8-B131-9CCD1BA685B0}.Release|x86.Build.0 = Release|Win32
	EndGlobalSection
	GlobalSection(SolutionProperties) = preSolution
		HideSolutionNode = FALSE
	EndGlobalSection
	GlobalSection(SharedMSBuildProjectFiles) = preSolution
		truckconnect\truckconnect.vcxitems*{3ef9a03c-5290-4a42-9a02-80006a8be3d4}*SharedItemsImports = 9
		NStreamCom\nstreamcom.vcxitems*{b0286cf3-afac-4cc8-b131-9ccd1ba685b0}*SharedItemsImports = 4
		truckconnect\truckconnect.vcxitems*{b0286cf3-afac-4cc8-b131-9ccd1ba685b0}*SharedItemsImports = 4
		scs\scs.vcxitems*{c6c8a7d4-8e1a-4b32-9d0c-7f48df9da334}*SharedItemsImports = 9
		NStreamCom\nstreamcom.vcxitems*{f6aabf94-ed61-41ac-aaad-e75510af8cff}*SharedItemsImports = 9
	EndGlobalSection
EndGlobal
